
Microsoft Visual Studio Solution File, Format Version 12.00
# Visual Studio Version 17
VisualStudioVersion = 17.8.34330.188
MinimumVisualStudioVersion = 10.0.40219.1
Project("{FAE04EC0-301F-11D3-BF4B-00C04F79EFBC}") = "ProyectoFinal_JMA", "ProyectoFinal_JMA\ProyectoFinal_JMA.csproj", "{6187BC74-B3E5-4612-8168-516D77063FE9}"
EndProject
Global
	GlobalSection(SolutionConfigurationPlatforms) = preSolution
		Debug|Any CPU = Debug|Any CPU
		Release|Any CPU = Release|Any CPU
	EndGlobalSection
	GlobalSection(ProjectConfigurationPlatforms) = postSolution
		{6187BC74-B3E5-4612-8168-516D77063FE9}.Debug|Any CPU.ActiveCfg = Debug|Any CPU
		{6187BC74-B3E5-4612-8168-516D77063FE9}.Debug|Any CPU.Build.0 = Debug|Any CPU
		{6187BC74-B3E5-4612-8168-516D77063FE9}.Release|Any CPU.ActiveCfg = Release|Any CPU
		{6187BC74-B3E5-4612-8168-516D77063FE9}.Release|Any CPU.Build.0 = Release|Any CPU
	EndGlobalSection
	GlobalSection(SolutionProperties) = preSolution
		HideSolutionNode = FALSE
	EndGlobalSection
	GlobalSection(ExtensibilityGlobals) = postSolution
		SolutionGuid = {43DEC535-3AC5-476F-AFC1-12854641559A}
	EndGlobalSection
EndGlobal
